
Microsoft Visual Studio Solution File, Format Version 12.00
# Visual Studio Version 16
VisualStudioVersion = 16.0.29509.3
MinimumVisualStudioVersion = 10.0.40219.1
Project("{9A19103F-16F7-4668-BE54-9A1E7A4F7556}") = "ConsoleApp1", "ConsoleApp1\ConsoleApp1.csproj", "{FD3D8240-7018-4325-98D8-3C731E687037}"
EndProject
Project("{9A19103F-16F7-4668-BE54-9A1E7A4F7556}") = "UnitTestProject1", "UnitTestProject1\UnitTestProject1\UnitTestProject1.csproj", "{4387BCDA-300C-4A84-9D86-5D9A8CDEC7BE}"
EndProject
Global
	GlobalSection(SolutionConfigurationPlatforms) = preSolution
		Debug|Any CPU = Debug|Any CPU
		Release|Any CPU = Release|Any CPU
	EndGlobalSection
	GlobalSection(ProjectConfigurationPlatforms) = postSolution
		{FD3D8240-7018-4325-98D8-3C731E687037}.Debug|Any CPU.ActiveCfg = Debug|Any CPU
		{FD3D8240-7018-4325-98D8-3C731E687037}.Debug|Any CPU.Build.0 = Debug|Any CPU
		{FD3D8240-7018-4325-98D8-3C731E687037}.Release|Any CPU.ActiveCfg = Release|Any CPU
		{FD3D8240-7018-4325-98D8-3C731E687037}.Release|Any CPU.Build.0 = Release|Any CPU
		{4387BCDA-300C-4A84-9D86-5D9A8CDEC7BE}.Debug|Any CPU.ActiveCfg = Debug|Any CPU
		{4387BCDA-300C-4A84-9D86-5D9A8CDEC7BE}.Debug|Any CPU.Build.0 = Debug|Any CPU
		{4387BCDA-300C-4A84-9D86-5D9A8CDEC7BE}.Release|Any CPU.ActiveCfg = Release|Any CPU
		{4387BCDA-300C-4A84-9D86-5D9A8CDEC7BE}.Release|Any CPU.Build.0 = Release|Any CPU
	EndGlobalSection
	GlobalSection(SolutionProperties) = preSolution
		HideSolutionNode = FALSE
	EndGlobalSection
	GlobalSection(ExtensibilityGlobals) = postSolution
		SolutionGuid = {90A53867-4172-481A-8143-548BA55A4941}
	EndGlobalSection
EndGlobal
