
Microsoft Visual Studio Solution File, Format Version 12.00
# Visual Studio Version 16
VisualStudioVersion = 16.0.29509.3
MinimumVisualStudioVersion = 10.0.40219.1
Project("{9A19103F-16F7-4668-BE54-9A1E7A4F7556}") = "UnitTestProject1", "UnitTestProject1\UnitTestProject1.csproj", "{C4AA3A01-FA31-463A-9117-57C008330108}"
EndProject
Project("{9A19103F-16F7-4668-BE54-9A1E7A4F7556}") = "ConsoleApp1", "..\ConsoleApp1\ConsoleApp1\ConsoleApp1.csproj", "{CD8A7C23-451D-467C-BD45-B71EB1D8AC44}"
EndProject
Global
	GlobalSection(SolutionConfigurationPlatforms) = preSolution
		Debug|Any CPU = Debug|Any CPU
		Release|Any CPU = Release|Any CPU
	EndGlobalSection
	GlobalSection(ProjectConfigurationPlatforms) = postSolution
		{C4AA3A01-FA31-463A-9117-57C008330108}.Debug|Any CPU.ActiveCfg = Debug|Any CPU
		{C4AA3A01-FA31-463A-9117-57C008330108}.Debug|Any CPU.Build.0 = Debug|Any CPU
		{C4AA3A01-FA31-463A-9117-57C008330108}.Release|Any CPU.ActiveCfg = Release|Any CPU
		{C4AA3A01-FA31-463A-9117-57C008330108}.Release|Any CPU.Build.0 = Release|Any CPU
		{CD8A7C23-451D-467C-BD45-B71EB1D8AC44}.Debug|Any CPU.ActiveCfg = Debug|Any CPU
		{CD8A7C23-451D-467C-BD45-B71EB1D8AC44}.Debug|Any CPU.Build.0 = Debug|Any CPU
		{CD8A7C23-451D-467C-BD45-B71EB1D8AC44}.Release|Any CPU.ActiveCfg = Release|Any CPU
		{CD8A7C23-451D-467C-BD45-B71EB1D8AC44}.Release|Any CPU.Build.0 = Release|Any CPU
	EndGlobalSection
	GlobalSection(SolutionProperties) = preSolution
		HideSolutionNode = FALSE
	EndGlobalSection
	GlobalSection(ExtensibilityGlobals) = postSolution
		SolutionGuid = {DC69FBCD-56F8-43A1-9222-F641B900B5FB}
	EndGlobalSection
EndGlobal
